// !$*UTF8*$!
{
	archiveVersion = 1;
	classes = {
	};
	objectVersion = 46;
	objects = {

/* Begin PBXBuildFile section */
		BF328F0E1D58B85E002AF2A7 /* CarthageKit.framework in Embed Frameworks */ = {isa = PBXBuildFile; fileRef = BF328F0C1D58B7D1002AF2A7 /* CarthageKit.framework */; settings = {ATTRIBUTES = (CodeSignOnCopy, RemoveHeadersOnCopy, ); }; };
		BF328F101D58E8E4002AF2A7 /* CarthageKit.framework in Frameworks */ = {isa = PBXBuildFile; fileRef = BF328F0C1D58B7D1002AF2A7 /* CarthageKit.framework */; };
		BF328F121D59C99A002AF2A7 /* main.swift in Sources */ = {isa = PBXBuildFile; fileRef = BF328F111D59C99A002AF2A7 /* main.swift */; };
/* End PBXBuildFile section */

/* Begin PBXCopyFilesBuildPhase section */
		BF328EF41D54DB84002AF2A7 /* Embed Frameworks */ = {
			isa = PBXCopyFilesBuildPhase;
			buildActionMask = 2147483647;
			dstPath = "";
			dstSubfolderSpec = 10;
			files = (
				BF328F0E1D58B85E002AF2A7 /* CarthageKit.framework in Embed Frameworks */,
			);
			name = "Embed Frameworks";
			runOnlyForDeploymentPostprocessing = 0;
		};
/* End PBXCopyFilesBuildPhase section */

/* Begin PBXFileReference section */
		BF328EDE1D54DB11002AF2A7 /* cartfilediff.app */ = {isa = PBXFileReference; explicitFileType = wrapper.application; includeInIndex = 0; path = cartfilediff.app; sourceTree = BUILT_PRODUCTS_DIR; };
		BF328F0C1D58B7D1002AF2A7 /* CarthageKit.framework */ = {isa = PBXFileReference; lastKnownFileType = wrapper.framework; name = CarthageKit.framework; path = Carthage/Build/Mac/CarthageKit.framework; sourceTree = "<group>"; };
		BF328F111D59C99A002AF2A7 /* main.swift */ = {isa = PBXFileReference; fileEncoding = 4; lastKnownFileType = sourcecode.swift; name = main.swift; path = Sources/main.swift; sourceTree = SOURCE_ROOT; };
		BF328F131D59C9A7002AF2A7 /* Info.plist */ = {isa = PBXFileReference; fileEncoding = 4; lastKnownFileType = text.plist.xml; name = Info.plist; path = Sources/Info.plist; sourceTree = SOURCE_ROOT; };
/* End PBXFileReference section */

/* Begin PBXFrameworksBuildPhase section */
		BF328EDB1D54DB11002AF2A7 /* Frameworks */ = {
			isa = PBXFrameworksBuildPhase;
			buildActionMask = 2147483647;
			files = (
				BF328F101D58E8E4002AF2A7 /* CarthageKit.framework in Frameworks */,
			);
			runOnlyForDeploymentPostprocessing = 0;
		};
/* End PBXFrameworksBuildPhase section */

/* Begin PBXGroup section */
		BF328EB91D54CEE2002AF2A7 = {
			isa = PBXGroup;
			children = (
				BF328F0C1D58B7D1002AF2A7 /* CarthageKit.framework */,
				BF328EDF1D54DB11002AF2A7 /* cartfilediff */,
				BF328EC31D54CEE2002AF2A7 /* Products */,
			);
			sourceTree = "<group>";
		};
		BF328EC31D54CEE2002AF2A7 /* Products */ = {
			isa = PBXGroup;
			children = (
				BF328EDE1D54DB11002AF2A7 /* cartfilediff.app */,
			);
			name = Products;
			sourceTree = "<group>";
		};
		BF328EDF1D54DB11002AF2A7 /* cartfilediff */ = {
			isa = PBXGroup;
			children = (
				BF328F111D59C99A002AF2A7 /* main.swift */,
				BF328F131D59C9A7002AF2A7 /* Info.plist */,
			);
			path = cartfilediff;
			sourceTree = "<group>";
		};
/* End PBXGroup section */

/* Begin PBXNativeTarget section */
		BF328EDD1D54DB11002AF2A7 /* cartfilediff */ = {
			isa = PBXNativeTarget;
			buildConfigurationList = BF328EE81D54DB11002AF2A7 /* Build configuration list for PBXNativeTarget "cartfilediff" */;
			buildPhases = (
				BF328EDA1D54DB11002AF2A7 /* Sources */,
				BF328EDB1D54DB11002AF2A7 /* Frameworks */,
				BF328EDC1D54DB11002AF2A7 /* Resources */,
				BF328F0F1D58E244002AF2A7 /* Extract CLI Tool */,
				BF328EF41D54DB84002AF2A7 /* Embed Frameworks */,
			);
			buildRules = (
			);
			dependencies = (
			);
			name = cartfilediff;
			productName = cartfilediff;
			productReference = BF328EDE1D54DB11002AF2A7 /* cartfilediff.app */;
			productType = "com.apple.product-type.application";
		};
/* End PBXNativeTarget section */

/* Begin PBXProject section */
		BF328EBA1D54CEE2002AF2A7 /* Project object */ = {
			isa = PBXProject;
			attributes = {
				LastSwiftUpdateCheck = 0730;
				LastUpgradeCheck = 0730;
				ORGANIZATIONNAME = "Leanworks Ltd.";
				TargetAttributes = {
					BF328EDD1D54DB11002AF2A7 = {
						CreatedOnToolsVersion = 7.3.1;
					};
				};
			};
			buildConfigurationList = BF328EBD1D54CEE2002AF2A7 /* Build configuration list for PBXProject "CartfileDiff" */;
			compatibilityVersion = "Xcode 3.2";
			developmentRegion = English;
			hasScannedForEncodings = 0;
			knownRegions = (
				en,
				Base,
			);
			mainGroup = BF328EB91D54CEE2002AF2A7;
			productRefGroup = BF328EC31D54CEE2002AF2A7 /* Products */;
			projectDirPath = "";
			projectRoot = "";
			targets = (
				BF328EDD1D54DB11002AF2A7 /* cartfilediff */,
			);
		};
/* End PBXProject section */

/* Begin PBXResourcesBuildPhase section */
		BF328EDC1D54DB11002AF2A7 /* Resources */ = {
			isa = PBXResourcesBuildPhase;
			buildActionMask = 2147483647;
			files = (
			);
			runOnlyForDeploymentPostprocessing = 0;
		};
/* End PBXResourcesBuildPhase section */

/* Begin PBXShellScriptBuildPhase section */
		BF328F0F1D58E244002AF2A7 /* Extract CLI Tool */ = {
			isa = PBXShellScriptBuildPhase;
			buildActionMask = 2147483647;
			files = (
			);
			inputPaths = (
				"$(BUILT_PRODUCTS_DIR)/$(EXECUTABLE_PATH)",
			);
			name = "Extract CLI Tool";
			outputPaths = (
				"$(BUILT_PRODUCTS_DIR)/$(EXECUTABLE_NAME)",
			);
			runOnlyForDeploymentPostprocessing = 0;
			shellPath = /bin/sh;
			shellScript = ". script/extract-tool";
		};
/* End PBXShellScriptBuildPhase section */

/* Begin PBXSourcesBuildPhase section */
		BF328EDA1D54DB11002AF2A7 /* Sources */ = {
			isa = PBXSourcesBuildPhase;
			buildActionMask = 2147483647;
			files = (
				BF328F121D59C99A002AF2A7 /* main.swift in Sources */,
			);
			runOnlyForDeploymentPostprocessing = 0;
		};
/* End PBXSourcesBuildPhase section */

/* Begin XCBuildConfiguration section */
		BF328EC71D54CEE2002AF2A7 /* Debug */ = {
			isa = XCBuildConfiguration;
			buildSettings = {
				ALWAYS_SEARCH_USER_PATHS = NO;
				CLANG_ANALYZER_NONNULL = YES;
				CLANG_CXX_LANGUAGE_STANDARD = "gnu++0x";
				CLANG_CXX_LIBRARY = "libc++";
				CLANG_ENABLE_MODULES = YES;
				CLANG_ENABLE_OBJC_ARC = YES;
				CLANG_WARN_BOOL_CONVERSION = YES;
				CLANG_WARN_CONSTANT_CONVERSION = YES;
				CLANG_WARN_DIRECT_OBJC_ISA_USAGE = YES_ERROR;
				CLANG_WARN_EMPTY_BODY = YES;
				CLANG_WARN_ENUM_CONVERSION = YES;
				CLANG_WARN_INT_CONVERSION = YES;
				CLANG_WARN_OBJC_ROOT_CLASS = YES_ERROR;
				CLANG_WARN_UNREACHABLE_CODE = YES;
				CLANG_WARN__DUPLICATE_METHOD_MATCH = YES;
				CODE_SIGN_IDENTITY = "-";
				COPY_PHASE_STRIP = NO;
				DEBUG_INFORMATION_FORMAT = dwarf;
				ENABLE_STRICT_OBJC_MSGSEND = YES;
				ENABLE_TESTABILITY = YES;
				GCC_C_LANGUAGE_STANDARD = gnu99;
				GCC_DYNAMIC_NO_PIC = NO;
				GCC_NO_COMMON_BLOCKS = YES;
				GCC_OPTIMIZATION_LEVEL = 0;
				GCC_PREPROCESSOR_DEFINITIONS = (
					"DEBUG=1",
					"$(inherited)",
				);
				GCC_WARN_64_TO_32_BIT_CONVERSION = YES;
				GCC_WARN_ABOUT_RETURN_TYPE = YES_ERROR;
				GCC_WARN_UNDECLARED_SELECTOR = YES;
				GCC_WARN_UNINITIALIZED_AUTOS = YES_AGGRESSIVE;
				GCC_WARN_UNUSED_FUNCTION = YES;
				GCC_WARN_UNUSED_VARIABLE = YES;
				MACOSX_DEPLOYMENT_TARGET = 10.11;
				MTL_ENABLE_DEBUG_INFO = YES;
				ONLY_ACTIVE_ARCH = YES;
				SDKROOT = macosx;
				SWIFT_OPTIMIZATION_LEVEL = "-Onone";
			};
			name = Debug;
		};
		BF328EC81D54CEE2002AF2A7 /* Release */ = {
			isa = XCBuildConfiguration;
			buildSettings = {
				ALWAYS_SEARCH_USER_PATHS = NO;
				CLANG_ANALYZER_NONNULL = YES;
				CLANG_CXX_LANGUAGE_STANDARD = "gnu++0x";
				CLANG_CXX_LIBRARY = "libc++";
				CLANG_ENABLE_MODULES = YES;
				CLANG_ENABLE_OBJC_ARC = YES;
				CLANG_WARN_BOOL_CONVERSION = YES;
				CLANG_WARN_CONSTANT_CONVERSION = YES;
				CLANG_WARN_DIRECT_OBJC_ISA_USAGE = YES_ERROR;
				CLANG_WARN_EMPTY_BODY = YES;
				CLANG_WARN_ENUM_CONVERSION = YES;
				CLANG_WARN_INT_CONVERSION = YES;
				CLANG_WARN_OBJC_ROOT_CLASS = YES_ERROR;
				CLANG_WARN_UNREACHABLE_CODE = YES;
				CLANG_WARN__DUPLICATE_METHOD_MATCH = YES;
				CODE_SIGN_IDENTITY = "-";
				COPY_PHASE_STRIP = NO;
				DEBUG_INFORMATION_FORMAT = "dwarf-with-dsym";
				ENABLE_NS_ASSERTIONS = NO;
				ENABLE_STRICT_OBJC_MSGSEND = YES;
				GCC_C_LANGUAGE_STANDARD = gnu99;
				GCC_NO_COMMON_BLOCKS = YES;
				GCC_WARN_64_TO_32_BIT_CONVERSION = YES;
				GCC_WARN_ABOUT_RETURN_TYPE = YES_ERROR;
				GCC_WARN_UNDECLARED_SELECTOR = YES;
				GCC_WARN_UNINITIALIZED_AUTOS = YES_AGGRESSIVE;
				GCC_WARN_UNUSED_FUNCTION = YES;
				GCC_WARN_UNUSED_VARIABLE = YES;
				MACOSX_DEPLOYMENT_TARGET = 10.11;
				MTL_ENABLE_DEBUG_INFO = NO;
				SDKROOT = macosx;
			};
			name = Release;
		};
		BF328EE91D54DB11002AF2A7 /* Debug */ = {
			isa = XCBuildConfiguration;
			buildSettings = {
				CODE_SIGN_IDENTITY = "";
				COMBINE_HIDPI_IMAGES = YES;
				EMBEDDED_CONTENT_CONTAINS_SWIFT = YES;
				FRAMEWORK_SEARCH_PATHS = (
					"$(inherited)",
					"$(PROJECT_DIR)/Carthage/Build/Mac",
				);
				INFOPLIST_FILE = Sources/Info.plist;
				LD_RUNPATH_SEARCH_PATHS = "@executable_path/. @executable_path/../Frameworks /Library/Frameworks /Library/Frameworks/CartfileDiff.framework/Versions/Current/Frameworks $(inherited)";
				PRODUCT_BUNDLE_IDENTIFIER = com.yplanapp.cartfilediff;
				PRODUCT_NAME = "$(TARGET_NAME)";
			};
			name = Debug;
		};
		BF328EEA1D54DB11002AF2A7 /* Release */ = {
			isa = XCBuildConfiguration;
			buildSettings = {
				CODE_SIGN_IDENTITY = "";
				COMBINE_HIDPI_IMAGES = YES;
				EMBEDDED_CONTENT_CONTAINS_SWIFT = YES;
				FRAMEWORK_SEARCH_PATHS = (
					"$(inherited)",
					"$(PROJECT_DIR)/Carthage/Build/Mac",
				);
				INFOPLIST_FILE = Sources/Info.plist;
				LD_RUNPATH_SEARCH_PATHS = "@executable_path/. @executable_path/../Frameworks /Library/Frameworks /Library/Frameworks/CartfileDiff.framework/Versions/Current/Frameworks $(inherited)";
				PRODUCT_BUNDLE_IDENTIFIER = com.yplanapp.cartfilediff;
				PRODUCT_NAME = "$(TARGET_NAME)";
			};
			name = Release;
		};
/* End XCBuildConfiguration section */

/* Begin XCConfigurationList section */
		BF328EBD1D54CEE2002AF2A7 /* Build configuration list for PBXProject "CartfileDiff" */ = {
			isa = XCConfigurationList;
			buildConfigurations = (
				BF328EC71D54CEE2002AF2A7 /* Debug */,
				BF328EC81D54CEE2002AF2A7 /* Release */,
			);
			defaultConfigurationIsVisible = 0;
			defaultConfigurationName = Release;
		};
		BF328EE81D54DB11002AF2A7 /* Build configuration list for PBXNativeTarget "cartfilediff" */ = {
			isa = XCConfigurationList;
			buildConfigurations = (
				BF328EE91D54DB11002AF2A7 /* Debug */,
				BF328EEA1D54DB11002AF2A7 /* Release */,
			);
			defaultConfigurationIsVisible = 0;
			defaultConfigurationName = Release;
		};
/* End XCConfigurationList section */
	};
	rootObject = BF328EBA1D54CEE2002AF2A7 /* Project object */;
}
